// !$*UTF8*$!
{
	archiveVersion = 1;
	classes = {
	};
	objectVersion = 56;
	objects = {

/* Begin PBXBuildFile section */
		4513530D2C76EABB008C52A5 /* BusinessCard.swift in Sources */ = {isa = PBXBuildFile; fileRef = 4513530C2C76EABB008C52A5 /* BusinessCard.swift */; };
		451588A32C67D22E00BE38E8 /* ShareLinkApp.swift in Sources */ = {isa = PBXBuildFile; fileRef = 451588A22C67D22E00BE38E8 /* ShareLinkApp.swift */; };
		451588A52C67D22E00BE38E8 /* ContentView.swift in Sources */ = {isa = PBXBuildFile; fileRef = 451588A42C67D22E00BE38E8 /* ContentView.swift */; };
		451588A72C67D23000BE38E8 /* Assets.xcassets in Resources */ = {isa = PBXBuildFile; fileRef = 451588A62C67D23000BE38E8 /* Assets.xcassets */; };
		451588AA2C67D23000BE38E8 /* Preview Assets.xcassets in Resources */ = {isa = PBXBuildFile; fileRef = 451588A92C67D23000BE38E8 /* Preview Assets.xcassets */; };
		451588B32C67FC2400BE38E8 /* WelcomeView.swift in Sources */ = {isa = PBXBuildFile; fileRef = 451588B22C67FC2400BE38E8 /* WelcomeView.swift */; };
		45A26D7A2C69AFDC003AD966 /* HomeView.swift in Sources */ = {isa = PBXBuildFile; fileRef = 45A26D792C69AFDC003AD966 /* HomeView.swift */; };
		45CA293C2C6C0C400004B626 /* BluetoothView.swift in Sources */ = {isa = PBXBuildFile; fileRef = 45CA293B2C6C0C400004B626 /* BluetoothView.swift */; };
/* End PBXBuildFile section */

/* Begin PBXFileReference section */
		4513530C2C76EABB008C52A5 /* BusinessCard.swift */ = {isa = PBXFileReference; lastKnownFileType = sourcecode.swift; path = BusinessCard.swift; sourceTree = "<group>"; };
		4515889F2C67D22E00BE38E8 /* ShareLink.app */ = {isa = PBXFileReference; explicitFileType = wrapper.application; includeInIndex = 0; path = ShareLink.app; sourceTree = BUILT_PRODUCTS_DIR; };
		451588A22C67D22E00BE38E8 /* ShareLinkApp.swift */ = {isa = PBXFileReference; lastKnownFileType = sourcecode.swift; path = ShareLinkApp.swift; sourceTree = "<group>"; };
		451588A42C67D22E00BE38E8 /* ContentView.swift */ = {isa = PBXFileReference; lastKnownFileType = sourcecode.swift; path = ContentView.swift; sourceTree = "<group>"; };
		451588A62C67D23000BE38E8 /* Assets.xcassets */ = {isa = PBXFileReference; lastKnownFileType = folder.assetcatalog; path = Assets.xcassets; sourceTree = "<group>"; };
		451588A92C67D23000BE38E8 /* Preview Assets.xcassets */ = {isa = PBXFileReference; lastKnownFileType = folder.assetcatalog; path = "Preview Assets.xcassets"; sourceTree = "<group>"; };
		451588B22C67FC2400BE38E8 /* WelcomeView.swift */ = {isa = PBXFileReference; lastKnownFileType = sourcecode.swift; path = WelcomeView.swift; sourceTree = "<group>"; };
		45A26D792C69AFDC003AD966 /* HomeView.swift */ = {isa = PBXFileReference; lastKnownFileType = sourcecode.swift; path = HomeView.swift; sourceTree = "<group>"; };
		45CA293B2C6C0C400004B626 /* BluetoothView.swift */ = {isa = PBXFileReference; lastKnownFileType = sourcecode.swift; path = BluetoothView.swift; sourceTree = "<group>"; };
		45CA293F2C6C3E940004B626 /* Info.plist */ = {isa = PBXFileReference; lastKnownFileType = text.plist; path = Info.plist; sourceTree = "<group>"; };
/* End PBXFileReference section */

/* Begin PBXFrameworksBuildPhase section */
		4515889C2C67D22E00BE38E8 /* Frameworks */ = {
			isa = PBXFrameworksBuildPhase;
			buildActionMask = 2147483647;
			files = (
			);
			runOnlyForDeploymentPostprocessing = 0;
		};
/* End PBXFrameworksBuildPhase section */

/* Begin PBXGroup section */
		451588962C67D22E00BE38E8 = {
			isa = PBXGroup;
			children = (
				451588A12C67D22E00BE38E8 /* ShareLink */,
				451588A02C67D22E00BE38E8 /* Products */,
			);
			sourceTree = "<group>";
		};
		451588A02C67D22E00BE38E8 /* Products */ = {
			isa = PBXGroup;
			children = (
				4515889F2C67D22E00BE38E8 /* ShareLink.app */,
			);
			name = Products;
			sourceTree = "<group>";
		};
		451588A12C67D22E00BE38E8 /* ShareLink */ = {
			isa = PBXGroup;
			children = (
				45CA293F2C6C3E940004B626 /* Info.plist */,
				451588A22C67D22E00BE38E8 /* ShareLinkApp.swift */,
				451588A42C67D22E00BE38E8 /* ContentView.swift */,
				451588B22C67FC2400BE38E8 /* WelcomeView.swift */,
				45A26D792C69AFDC003AD966 /* HomeView.swift */,
				45CA293B2C6C0C400004B626 /* BluetoothView.swift */,
				451588A62C67D23000BE38E8 /* Assets.xcassets */,
				451588A82C67D23000BE38E8 /* Preview Content */,
				4513530C2C76EABB008C52A5 /* BusinessCard.swift */,
			);
			path = ShareLink;
			sourceTree = "<group>";
		};
		451588A82C67D23000BE38E8 /* Preview Content */ = {
			isa = PBXGroup;
			children = (
				451588A92C67D23000BE38E8 /* Preview Assets.xcassets */,
			);
			path = "Preview Content";
			sourceTree = "<group>";
		};
/* End PBXGroup section */

/* Begin PBXNativeTarget section */
		4515889E2C67D22E00BE38E8 /* ShareLink */ = {
			isa = PBXNativeTarget;
			buildConfigurationList = 451588AD2C67D23000BE38E8 /* Build configuration list for PBXNativeTarget "ShareLink" */;
			buildPhases = (
				4515889B2C67D22E00BE38E8 /* Sources */,
				4515889C2C67D22E00BE38E8 /* Frameworks */,
				4515889D2C67D22E00BE38E8 /* Resources */,
			);
			buildRules = (
			);
			dependencies = (
			);
			name = ShareLink;
			productName = ShareLink;
			productReference = 4515889F2C67D22E00BE38E8 /* ShareLink.app */;
			productType = "com.apple.product-type.application";
		};
/* End PBXNativeTarget section */

/* Begin PBXProject section */
		451588972C67D22E00BE38E8 /* Project object */ = {
			isa = PBXProject;
			attributes = {
				BuildIndependentTargetsInParallel = 1;
				LastSwiftUpdateCheck = 1540;
				LastUpgradeCheck = 1540;
				TargetAttributes = {
					4515889E2C67D22E00BE38E8 = {
						CreatedOnToolsVersion = 15.4;
					};
				};
			};
			buildConfigurationList = 4515889A2C67D22E00BE38E8 /* Build configuration list for PBXProject "ShareLink" */;
			compatibilityVersion = "Xcode 14.0";
			developmentRegion = en;
			hasScannedForEncodings = 0;
			knownRegions = (
				en,
				Base,
			);
			mainGroup = 451588962C67D22E00BE38E8;
			productRefGroup = 451588A02C67D22E00BE38E8 /* Products */;
			projectDirPath = "";
			projectRoot = "";
			targets = (
				4515889E2C67D22E00BE38E8 /* ShareLink */,
			);
		};
/* End PBXProject section */

/* Begin PBXResourcesBuildPhase section */
		4515889D2C67D22E00BE38E8 /* Resources */ = {
			isa = PBXResourcesBuildPhase;
			buildActionMask = 2147483647;
			files = (
				451588AA2C67D23000BE38E8 /* Preview Assets.xcassets in Resources */,
				451588A72C67D23000BE38E8 /* Assets.xcassets in Resources */,
			);
			runOnlyForDeploymentPostprocessing = 0;
		};
/* End PBXResourcesBuildPhase section */

/* Begin PBXSourcesBuildPhase section */
		4515889B2C67D22E00BE38E8 /* Sources */ = {
			isa = PBXSourcesBuildPhase;
			buildActionMask = 2147483647;
			files = (
				451588A52C67D22E00BE38E8 /* ContentView.swift in Sources */,
				45CA293C2C6C0C400004B626 /* BluetoothView.swift in Sources */,
				45A26D7A2C69AFDC003AD966 /* HomeView.swift in Sources */,
				4513530D2C76EABB008C52A5 /* BusinessCard.swift in Sources */,
				451588B32C67FC2400BE38E8 /* WelcomeView.swift in Sources */,
				451588A32C67D22E00BE38E8 /* ShareLinkApp.swift in Sources */,
			);
			runOnlyForDeploymentPostprocessing = 0;
		};
/* End PBXSourcesBuildPhase section */

/* Begin XCBuildConfiguration section */
		451588AB2C67D23000BE38E8 /* Debug */ = {
			isa = XCBuildConfiguration;
			buildSettings = {
				ALWAYS_SEARCH_USER_PATHS = NO;
				ASSETCATALOG_COMPILER_GENERATE_SWIFT_ASSET_SYMBOL_EXTENSIONS = YES;
				CLANG_ANALYZER_NONNULL = YES;
				CLANG_ANALYZER_NUMBER_OBJECT_CONVERSION = YES_AGGRESSIVE;
				CLANG_CXX_LANGUAGE_STANDARD = "gnu++20";
				CLANG_ENABLE_MODULES = YES;
				CLANG_ENABLE_OBJC_ARC = YES;
				CLANG_ENABLE_OBJC_WEAK = YES;
				CLANG_WARN_BLOCK_CAPTURE_AUTORELEASING = YES;
				CLANG_WARN_BOOL_CONVERSION = YES;
				CLANG_WARN_COMMA = YES;
				CLANG_WARN_CONSTANT_CONVERSION = YES;
				CLANG_WARN_DEPRECATED_OBJC_IMPLEMENTATIONS = YES;
				CLANG_WARN_DIRECT_OBJC_ISA_USAGE = YES_ERROR;
				CLANG_WARN_DOCUMENTATION_COMMENTS = YES;
				CLANG_WARN_EMPTY_BODY = YES;
				CLANG_WARN_ENUM_CONVERSION = YES;
				CLANG_WARN_INFINITE_RECURSION = YES;
				CLANG_WARN_INT_CONVERSION = YES;
				CLANG_WARN_NON_LITERAL_NULL_CONVERSION = YES;
				CLANG_WARN_OBJC_IMPLICIT_RETAIN_SELF = YES;
				CLANG_WARN_OBJC_LITERAL_CONVERSION = YES;
				CLANG_WARN_OBJC_ROOT_CLASS = YES_ERROR;
				CLANG_WARN_QUOTED_INCLUDE_IN_FRAMEWORK_HEADER = YES;
				CLANG_WARN_RANGE_LOOP_ANALYSIS = YES;
				CLANG_WARN_STRICT_PROTOTYPES = YES;
				CLANG_WARN_SUSPICIOUS_MOVE = YES;
				CLANG_WARN_UNGUARDED_AVAILABILITY = YES_AGGRESSIVE;
				CLANG_WARN_UNREACHABLE_CODE = YES;
				CLANG_WARN__DUPLICATE_METHOD_MATCH = YES;
				COPY_PHASE_STRIP = NO;
				DEBUG_INFORMATION_FORMAT = dwarf;
				ENABLE_STRICT_OBJC_MSGSEND = YES;
				ENABLE_TESTABILITY = YES;
				ENABLE_USER_SCRIPT_SANDBOXING = YES;
				GCC_C_LANGUAGE_STANDARD = gnu17;
				GCC_DYNAMIC_NO_PIC = NO;
				GCC_NO_COMMON_BLOCKS = YES;
				GCC_OPTIMIZATION_LEVEL = 0;
				GCC_PREPROCESSOR_DEFINITIONS = (
					"DEBUG=1",
					"$(inherited)",
				);
				GCC_WARN_64_TO_32_BIT_CONVERSION = YES;
				GCC_WARN_ABOUT_RETURN_TYPE = YES_ERROR;
				GCC_WARN_UNDECLARED_SELECTOR = YES;
				GCC_WARN_UNINITIALIZED_AUTOS = YES_AGGRESSIVE;
				GCC_WARN_UNUSED_FUNCTION = YES;
				GCC_WARN_UNUSED_VARIABLE = YES;
				IPHONEOS_DEPLOYMENT_TARGET = 17.5;
				LOCALIZATION_PREFERS_STRING_CATALOGS = YES;
				MTL_ENABLE_DEBUG_INFO = INCLUDE_SOURCE;
				MTL_FAST_MATH = YES;
				ONLY_ACTIVE_ARCH = YES;
				SDKROOT = iphoneos;
				SWIFT_ACTIVE_COMPILATION_CONDITIONS = "DEBUG $(inherited)";
				SWIFT_OPTIMIZATION_LEVEL = "-Onone";
			};
			name = Debug;
		};
		451588AC2C67D23000BE38E8 /* Release */ = {
			isa = XCBuildConfiguration;
			buildSettings = {
				ALWAYS_SEARCH_USER_PATHS = NO;
				ASSETCATALOG_COMPILER_GENERATE_SWIFT_ASSET_SYMBOL_EXTENSIONS = YES;
				CLANG_ANALYZER_NONNULL = YES;
				CLANG_ANALYZER_NUMBER_OBJECT_CONVERSION = YES_AGGRESSIVE;
				CLANG_CXX_LANGUAGE_STANDARD = "gnu++20";
				CLANG_ENABLE_MODULES = YES;
				CLANG_ENABLE_OBJC_ARC = YES;
				CLANG_ENABLE_OBJC_WEAK = YES;
				CLANG_WARN_BLOCK_CAPTURE_AUTORELEASING = YES;
				CLANG_WARN_BOOL_CONVERSION = YES;
				CLANG_WARN_COMMA = YES;
				CLANG_WARN_CONSTANT_CONVERSION = YES;
				CLANG_WARN_DEPRECATED_OBJC_IMPLEMENTATIONS = YES;
				CLANG_WARN_DIRECT_OBJC_ISA_USAGE = YES_ERROR;
				CLANG_WARN_DOCUMENTATION_COMMENTS = YES;
				CLANG_WARN_EMPTY_BODY = YES;
				CLANG_WARN_ENUM_CONVERSION = YES;
				CLANG_WARN_INFINITE_RECURSION = YES;
				CLANG_WARN_INT_CONVERSION = YES;
				CLANG_WARN_NON_LITERAL_NULL_CONVERSION = YES;
				CLANG_WARN_OBJC_IMPLICIT_RETAIN_SELF = YES;
				CLANG_WARN_OBJC_LITERAL_CONVERSION = YES;
				CLANG_WARN_OBJC_ROOT_CLASS = YES_ERROR;
				CLANG_WARN_QUOTED_INCLUDE_IN_FRAMEWORK_HEADER = YES;
				CLANG_WARN_RANGE_LOOP_ANALYSIS = YES;
				CLANG_WARN_STRICT_PROTOTYPES = YES;
				CLANG_WARN_SUSPICIOUS_MOVE = YES;
				CLANG_WARN_UNGUARDED_AVAILABILITY = YES_AGGRESSIVE;
				CLANG_WARN_UNREACHABLE_CODE = YES;
				CLANG_WARN__DUPLICATE_METHOD_MATCH = YES;
				COPY_PHASE_STRIP = NO;
				DEBUG_INFORMATION_FORMAT = "dwarf-with-dsym";
				ENABLE_NS_ASSERTIONS = NO;
				ENABLE_STRICT_OBJC_MSGSEND = YES;
				ENABLE_USER_SCRIPT_SANDBOXING = YES;
				GCC_C_LANGUAGE_STANDARD = gnu17;
				GCC_NO_COMMON_BLOCKS = YES;
				GCC_WARN_64_TO_32_BIT_CONVERSION = YES;
				GCC_WARN_ABOUT_RETURN_TYPE = YES_ERROR;
				GCC_WARN_UNDECLARED_SELECTOR = YES;
				GCC_WARN_UNINITIALIZED_AUTOS = YES_AGGRESSIVE;
				GCC_WARN_UNUSED_FUNCTION = YES;
				GCC_WARN_UNUSED_VARIABLE = YES;
				IPHONEOS_DEPLOYMENT_TARGET = 17.5;
				LOCALIZATION_PREFERS_STRING_CATALOGS = YES;
				MTL_ENABLE_DEBUG_INFO = NO;
				MTL_FAST_MATH = YES;
				SDKROOT = iphoneos;
				SWIFT_COMPILATION_MODE = wholemodule;
				VALIDATE_PRODUCT = YES;
			};
			name = Release;
		};
		451588AE2C67D23000BE38E8 /* Debug */ = {
			isa = XCBuildConfiguration;
			buildSettings = {
				ASSETCATALOG_COMPILER_APPICON_NAME = AppIcon;
				ASSETCATALOG_COMPILER_GLOBAL_ACCENT_COLOR_NAME = AccentColor;
				CODE_SIGN_STYLE = Automatic;
				CURRENT_PROJECT_VERSION = 1;
				DEVELOPMENT_ASSET_PATHS = "\"ShareLink/Preview Content\"";
				DEVELOPMENT_TEAM = 9YPCCSZU4J;
				ENABLE_PREVIEWS = YES;
				GENERATE_INFOPLIST_FILE = YES;
				INFOPLIST_FILE = ShareLink/Info.plist;
				INFOPLIST_KEY_CFBundleDisplayName = "";
				INFOPLIST_KEY_LSApplicationCategoryType = "This app requires Bluetooth to detect and connect with nearby devices for sharing business cards";
				INFOPLIST_KEY_NSBluetoothAlwaysUsageDescription = "This app requires Bluetooth to detect and connect with nearby devices for sharing business cards";
				INFOPLIST_KEY_NSBluetoothPeripheralUsageDescription = "Needed to share card";
				INFOPLIST_KEY_UIApplicationSceneManifest_Generation = YES;
				INFOPLIST_KEY_UIApplicationSupportsIndirectInputEvents = YES;
				INFOPLIST_KEY_UILaunchScreen_Generation = YES;
				INFOPLIST_KEY_UISupportedInterfaceOrientations_iPad = "UIInterfaceOrientationPortrait UIInterfaceOrientationPortraitUpsideDown UIInterfaceOrientationLandscapeLeft UIInterfaceOrientationLandscapeRight";
				INFOPLIST_KEY_UISupportedInterfaceOrientations_iPhone = "UIInterfaceOrientationPortrait UIInterfaceOrientationLandscapeLeft UIInterfaceOrientationLandscapeRight";
				LD_RUNPATH_SEARCH_PATHS = (
					"$(inherited)",
					"@executable_path/Frameworks",
				);
				MARKETING_VERSION = 1.0;
				PRODUCT_BUNDLE_IDENTIFIER = Evil.ShareLink;
				PRODUCT_NAME = "$(TARGET_NAME)";
				SWIFT_EMIT_LOC_STRINGS = YES;
				SWIFT_VERSION = 5.0;
				TARGETED_DEVICE_FAMILY = "1,2";
			};
			name = Debug;
		};
		451588AF2C67D23000BE38E8 /* Release */ = {
			isa = XCBuildConfiguration;
			buildSettings = {
				ASSETCATALOG_COMPILER_APPICON_NAME = AppIcon;
				ASSETCATALOG_COMPILER_GLOBAL_ACCENT_COLOR_NAME = AccentColor;
				CODE_SIGN_STYLE = Automatic;
				CURRENT_PROJECT_VERSION = 1;
				DEVELOPMENT_ASSET_PATHS = "\"ShareLink/Preview Content\"";
				DEVELOPMENT_TEAM = 9YPCCSZU4J;
				ENABLE_PREVIEWS = YES;
				GENERATE_INFOPLIST_FILE = YES;
				INFOPLIST_FILE = ShareLink/Info.plist;
				INFOPLIST_KEY_CFBundleDisplayName = "";
				INFOPLIST_KEY_LSApplicationCategoryType = "This app requires Bluetooth to detect and connect with nearby devices for sharing business cards";
				INFOPLIST_KEY_NSBluetoothAlwaysUsageDescription = "This app requires Bluetooth to detect and connect with nearby devices for sharing business cards";
				INFOPLIST_KEY_NSBluetoothPeripheralUsageDescription = "Needed to share card";
				INFOPLIST_KEY_UIApplicationSceneManifest_Generation = YES;
				INFOPLIST_KEY_UIApplicationSupportsIndirectInputEvents = YES;
				INFOPLIST_KEY_UILaunchScreen_Generation = YES;
				INFOPLIST_KEY_UISupportedInterfaceOrientations_iPad = "UIInterfaceOrientationPortrait UIInterfaceOrientationPortraitUpsideDown UIInterfaceOrientationLandscapeLeft UIInterfaceOrientationLandscapeRight";
				INFOPLIST_KEY_UISupportedInterfaceOrientations_iPhone = "UIInterfaceOrientationPortrait UIInterfaceOrientationLandscapeLeft UIInterfaceOrientationLandscapeRight";
				LD_RUNPATH_SEARCH_PATHS = (
					"$(inherited)",
					"@executable_path/Frameworks",
				);
				MARKETING_VERSION = 1.0;
				PRODUCT_BUNDLE_IDENTIFIER = Evil.ShareLink;
				PRODUCT_NAME = "$(TARGET_NAME)";
				SWIFT_EMIT_LOC_STRINGS = YES;
				SWIFT_VERSION = 5.0;
				TARGETED_DEVICE_FAMILY = "1,2";
			};
			name = Release;
		};
/* End XCBuildConfiguration section */

/* Begin XCConfigurationList section */
		4515889A2C67D22E00BE38E8 /* Build configuration list for PBXProject "ShareLink" */ = {
			isa = XCConfigurationList;
			buildConfigurations = (
				451588AB2C67D23000BE38E8 /* Debug */,
				451588AC2C67D23000BE38E8 /* Release */,
			);
			defaultConfigurationIsVisible = 0;
			defaultConfigurationName = Release;
		};
		451588AD2C67D23000BE38E8 /* Build configuration list for PBXNativeTarget "ShareLink" */ = {
			isa = XCConfigurationList;
			buildConfigurations = (
				451588AE2C67D23000BE38E8 /* Debug */,
				451588AF2C67D23000BE38E8 /* Release */,
			);
			defaultConfigurationIsVisible = 0;
			defaultConfigurationName = Release;
		};
/* End XCConfigurationList section */
	};
	rootObject = 451588972C67D22E00BE38E8 /* Project object */;
}
